
Microsoft Visual Studio Solution File, Format Version 12.00
# Visual Studio Version 17
VisualStudioVersion = 17.0.31903.59
MinimumVisualStudioVersion = 10.0.40219.1
Project("{2150E333-8FDC-42A3-9474-1A3956D46DE8}") = "src", "src", "{1E1728C2-049F-421B-A0B2-CD88D44CB565}"
EndProject
Project("{FAE04EC0-301F-11D3-BF4B-00C04F79EFBC}") = "MyApp", "src\MyApp\MyApp.csproj", "{A1F250AD-FB75-461D-BDDA-7B7D7F1CA9BE}"
EndProject
Project("{2150E333-8FDC-42A3-9474-1A3956D46DE8}") = "tests", "tests", "{48F9AFE3-AA12-402A-9058-02E62ADF4E93}"
EndProject
Project("{FAE04EC0-301F-11D3-BF4B-00C04F79EFBC}") = "MyApp.Tests", "tests\MyApp.Tests\MyApp.Tests.csproj", "{9093E715-3EB3-47EA-8ED6-AE7908687930}"
EndProject
Global
	GlobalSection(SolutionConfigurationPlatforms) = preSolution
		Debug|Any CPU = Debug|Any CPU
		Release|Any CPU = Release|Any CPU
	EndGlobalSection
	GlobalSection(SolutionProperties) = preSolution
		HideSolutionNode = FALSE
	EndGlobalSection
	GlobalSection(ProjectConfigurationPlatforms) = postSolution
		{A1F250AD-FB75-461D-BDDA-7B7D7F1CA9BE}.Debug|Any CPU.ActiveCfg = Debug|Any CPU
		{A1F250AD-FB75-461D-BDDA-7B7D7F1CA9BE}.Debug|Any CPU.Build.0 = Debug|Any CPU
		{A1F250AD-FB75-461D-BDDA-7B7D7F1CA9BE}.Release|Any CPU.ActiveCfg = Release|Any CPU
		{A1F250AD-FB75-461D-BDDA-7B7D7F1CA9BE}.Release|Any CPU.Build.0 = Release|Any CPU
		{9093E715-3EB3-47EA-8ED6-AE7908687930}.Debug|Any CPU.ActiveCfg = Debug|Any CPU
		{9093E715-3EB3-47EA-8ED6-AE7908687930}.Debug|Any CPU.Build.0 = Debug|Any CPU
		{9093E715-3EB3-47EA-8ED6-AE7908687930}.Release|Any CPU.ActiveCfg = Release|Any CPU
		{9093E715-3EB3-47EA-8ED6-AE7908687930}.Release|Any CPU.Build.0 = Release|Any CPU
	EndGlobalSection
	GlobalSection(NestedProjects) = preSolution
		{A1F250AD-FB75-461D-BDDA-7B7D7F1CA9BE} = {1E1728C2-049F-421B-A0B2-CD88D44CB565}
		{9093E715-3EB3-47EA-8ED6-AE7908687930} = {48F9AFE3-AA12-402A-9058-02E62ADF4E93}
	EndGlobalSection
EndGlobal
